<Solution>
  <Project Path="Assembly-CSharp.csproj" />
  <Project Path="Assembly-CSharp-Editor.csproj" />
  <Project Path="com.unity.template.multiplayer-ngo.runtime.csproj" />
  <Project Path="com.unity.template.multiplayer-ngo.editor.csproj" />
  <Project Path="com.unity.template.multiplayer-ngo.shared.csproj" />
</Solution>
